// !$*UTF8*$!
{
	archiveVersion = 1;
	classes = {
	};
	objectVersion = 50;
	objects = {

/* Begin PBXBuildFile section */
		246B504C25B8A86400EC93F9 /* AppDelegate.swift in Sources */ = {isa = PBXBuildFile; fileRef = 246B504B25B8A86400EC93F9 /* AppDelegate.swift */; };
		246B504E25B8A86400EC93F9 /* SceneDelegate.swift in Sources */ = {isa = PBXBuildFile; fileRef = 246B504D25B8A86400EC93F9 /* SceneDelegate.swift */; };
		246B505025B8A86400EC93F9 /* ViewController.swift in Sources */ = {isa = PBXBuildFile; fileRef = 246B504F25B8A86400EC93F9 /* ViewController.swift */; };
		246B505325B8A86400EC93F9 /* MovieList.storyboard in Resources */ = {isa = PBXBuildFile; fileRef = 246B505125B8A86400EC93F9 /* MovieList.storyboard */; };
		246B505625B8A86400EC93F9 /* Tmdb.xcdatamodeld in Sources */ = {isa = PBXBuildFile; fileRef = 246B505425B8A86400EC93F9 /* Tmdb.xcdatamodeld */; };
		246B505825B8A86500EC93F9 /* Assets.xcassets in Resources */ = {isa = PBXBuildFile; fileRef = 246B505725B8A86500EC93F9 /* Assets.xcassets */; };
		246B505B25B8A86500EC93F9 /* LaunchScreen.storyboard in Resources */ = {isa = PBXBuildFile; fileRef = 246B505925B8A86500EC93F9 /* LaunchScreen.storyboard */; };
		246E0B6D25BA063200DFFF95 /* Business in Resources */ = {isa = PBXBuildFile; fileRef = 246E0B6C25BA063200DFFF95 /* Business */; };
		246E0B7A25BA080E00DFFF95 /* MovieListPresenter.swift in Sources */ = {isa = PBXBuildFile; fileRef = 246E0B7425BA080E00DFFF95 /* MovieListPresenter.swift */; };
		246E0B7B25BA080E00DFFF95 /* MovieListWorker.swift in Sources */ = {isa = PBXBuildFile; fileRef = 246E0B7525BA080E00DFFF95 /* MovieListWorker.swift */; };
		246E0B7C25BA080E00DFFF95 /* MovieListRouter.swift in Sources */ = {isa = PBXBuildFile; fileRef = 246E0B7625BA080E00DFFF95 /* MovieListRouter.swift */; };
		246E0B7D25BA080E00DFFF95 /* MovieListModels.swift in Sources */ = {isa = PBXBuildFile; fileRef = 246E0B7725BA080E00DFFF95 /* MovieListModels.swift */; };
		246E0B7E25BA080E00DFFF95 /* MovieListViewController.swift in Sources */ = {isa = PBXBuildFile; fileRef = 246E0B7825BA080E00DFFF95 /* MovieListViewController.swift */; };
		246E0B7F25BA080E00DFFF95 /* MovieListInteractor.swift in Sources */ = {isa = PBXBuildFile; fileRef = 246E0B7925BA080E00DFFF95 /* MovieListInteractor.swift */; };
		246E0B8A25BA1CEC00DFFF95 /* MovieDetailPresenter.swift in Sources */ = {isa = PBXBuildFile; fileRef = 246E0B8425BA1CEC00DFFF95 /* MovieDetailPresenter.swift */; };
		246E0B8B25BA1CEC00DFFF95 /* MovieDetailWorker.swift in Sources */ = {isa = PBXBuildFile; fileRef = 246E0B8525BA1CEC00DFFF95 /* MovieDetailWorker.swift */; };
		246E0B8C25BA1CEC00DFFF95 /* MovieDetailRouter.swift in Sources */ = {isa = PBXBuildFile; fileRef = 246E0B8625BA1CEC00DFFF95 /* MovieDetailRouter.swift */; };
		246E0B8D25BA1CEC00DFFF95 /* MovieDetailModels.swift in Sources */ = {isa = PBXBuildFile; fileRef = 246E0B8725BA1CEC00DFFF95 /* MovieDetailModels.swift */; };
		246E0B8E25BA1CEC00DFFF95 /* MovieDetailViewController.swift in Sources */ = {isa = PBXBuildFile; fileRef = 246E0B8825BA1CEC00DFFF95 /* MovieDetailViewController.swift */; };
		246E0B8F25BA1CEC00DFFF95 /* MovieDetailInteractor.swift in Sources */ = {isa = PBXBuildFile; fileRef = 246E0B8925BA1CEC00DFFF95 /* MovieDetailInteractor.swift */; };
		246E0B9325BA1F3500DFFF95 /* MovieDetail.storyboard in Resources */ = {isa = PBXBuildFile; fileRef = 246E0B9225BA1F3500DFFF95 /* MovieDetail.storyboard */; };
/* End PBXBuildFile section */

/* Begin PBXFileReference section */
		246B504825B8A86400EC93F9 /* Tmdb.app */ = {isa = PBXFileReference; explicitFileType = wrapper.application; includeInIndex = 0; path = Tmdb.app; sourceTree = BUILT_PRODUCTS_DIR; };
		246B504B25B8A86400EC93F9 /* AppDelegate.swift */ = {isa = PBXFileReference; lastKnownFileType = sourcecode.swift; path = AppDelegate.swift; sourceTree = "<group>"; };
		246B504D25B8A86400EC93F9 /* SceneDelegate.swift */ = {isa = PBXFileReference; lastKnownFileType = sourcecode.swift; path = SceneDelegate.swift; sourceTree = "<group>"; };
		246B504F25B8A86400EC93F9 /* ViewController.swift */ = {isa = PBXFileReference; lastKnownFileType = sourcecode.swift; path = ViewController.swift; sourceTree = "<group>"; };
		246B505225B8A86400EC93F9 /* Base */ = {isa = PBXFileReference; lastKnownFileType = file.storyboard; name = Base; path = Base.lproj/MovieList.storyboard; sourceTree = "<group>"; };
		246B505525B8A86400EC93F9 /* Tmdb.xcdatamodel */ = {isa = PBXFileReference; lastKnownFileType = wrapper.xcdatamodel; path = Tmdb.xcdatamodel; sourceTree = "<group>"; };
		246B505725B8A86500EC93F9 /* Assets.xcassets */ = {isa = PBXFileReference; lastKnownFileType = folder.assetcatalog; path = Assets.xcassets; sourceTree = "<group>"; };
		246B505A25B8A86500EC93F9 /* Base */ = {isa = PBXFileReference; lastKnownFileType = file.storyboard; name = Base; path = Base.lproj/LaunchScreen.storyboard; sourceTree = "<group>"; };
		246B505C25B8A86500EC93F9 /* Info.plist */ = {isa = PBXFileReference; lastKnownFileType = text.plist.xml; path = Info.plist; sourceTree = "<group>"; };
		246E0B6C25BA063200DFFF95 /* Business */ = {isa = PBXFileReference; lastKnownFileType = folder; name = Business; path = ../../../Desktop/Business; sourceTree = "<group>"; };
		246E0B7425BA080E00DFFF95 /* MovieListPresenter.swift */ = {isa = PBXFileReference; lastKnownFileType = sourcecode.swift; path = MovieListPresenter.swift; sourceTree = "<group>"; };
		246E0B7525BA080E00DFFF95 /* MovieListWorker.swift */ = {isa = PBXFileReference; lastKnownFileType = sourcecode.swift; path = MovieListWorker.swift; sourceTree = "<group>"; };
		246E0B7625BA080E00DFFF95 /* MovieListRouter.swift */ = {isa = PBXFileReference; lastKnownFileType = sourcecode.swift; path = MovieListRouter.swift; sourceTree = "<group>"; };
		246E0B7725BA080E00DFFF95 /* MovieListModels.swift */ = {isa = PBXFileReference; lastKnownFileType = sourcecode.swift; path = MovieListModels.swift; sourceTree = "<group>"; };
		246E0B7825BA080E00DFFF95 /* MovieListViewController.swift */ = {isa = PBXFileReference; lastKnownFileType = sourcecode.swift; path = MovieListViewController.swift; sourceTree = "<group>"; };
		246E0B7925BA080E00DFFF95 /* MovieListInteractor.swift */ = {isa = PBXFileReference; lastKnownFileType = sourcecode.swift; path = MovieListInteractor.swift; sourceTree = "<group>"; };
		246E0B8425BA1CEC00DFFF95 /* MovieDetailPresenter.swift */ = {isa = PBXFileReference; lastKnownFileType = sourcecode.swift; path = MovieDetailPresenter.swift; sourceTree = "<group>"; };
		246E0B8525BA1CEC00DFFF95 /* MovieDetailWorker.swift */ = {isa = PBXFileReference; lastKnownFileType = sourcecode.swift; path = MovieDetailWorker.swift; sourceTree = "<group>"; };
		246E0B8625BA1CEC00DFFF95 /* MovieDetailRouter.swift */ = {isa = PBXFileReference; lastKnownFileType = sourcecode.swift; path = MovieDetailRouter.swift; sourceTree = "<group>"; };
		246E0B8725BA1CEC00DFFF95 /* MovieDetailModels.swift */ = {isa = PBXFileReference; lastKnownFileType = sourcecode.swift; path = MovieDetailModels.swift; sourceTree = "<group>"; };
		246E0B8825BA1CEC00DFFF95 /* MovieDetailViewController.swift */ = {isa = PBXFileReference; lastKnownFileType = sourcecode.swift; path = MovieDetailViewController.swift; sourceTree = "<group>"; };
		246E0B8925BA1CEC00DFFF95 /* MovieDetailInteractor.swift */ = {isa = PBXFileReference; lastKnownFileType = sourcecode.swift; path = MovieDetailInteractor.swift; sourceTree = "<group>"; };
		246E0B9225BA1F3500DFFF95 /* MovieDetail.storyboard */ = {isa = PBXFileReference; lastKnownFileType = file.storyboard; path = MovieDetail.storyboard; sourceTree = "<group>"; };
/* End PBXFileReference section */

/* Begin PBXFrameworksBuildPhase section */
		246B504525B8A86400EC93F9 /* Frameworks */ = {
			isa = PBXFrameworksBuildPhase;
			buildActionMask = 2147483647;
			files = (
			);
			runOnlyForDeploymentPostprocessing = 0;
		};
/* End PBXFrameworksBuildPhase section */

/* Begin PBXGroup section */
		246B503F25B8A86400EC93F9 = {
			isa = PBXGroup;
			children = (
				246B504A25B8A86400EC93F9 /* Tmdb */,
				246B504925B8A86400EC93F9 /* Products */,
			);
			sourceTree = "<group>";
		};
		246B504925B8A86400EC93F9 /* Products */ = {
			isa = PBXGroup;
			children = (
				246B504825B8A86400EC93F9 /* Tmdb.app */,
			);
			name = Products;
			sourceTree = "<group>";
		};
		246B504A25B8A86400EC93F9 /* Tmdb */ = {
			isa = PBXGroup;
			children = (
				246E0B8325BA1C9B00DFFF95 /* MovieDetail */,
				246E0B7325BA07D100DFFF95 /* MovieList */,
				246E0B6C25BA063200DFFF95 /* Business */,
				246B504B25B8A86400EC93F9 /* AppDelegate.swift */,
				246B504D25B8A86400EC93F9 /* SceneDelegate.swift */,
				246B504F25B8A86400EC93F9 /* ViewController.swift */,
				246B505725B8A86500EC93F9 /* Assets.xcassets */,
				246B505925B8A86500EC93F9 /* LaunchScreen.storyboard */,
				246B505C25B8A86500EC93F9 /* Info.plist */,
				246B505425B8A86400EC93F9 /* Tmdb.xcdatamodeld */,
			);
			path = Tmdb;
			sourceTree = "<group>";
		};
		246E0B7325BA07D100DFFF95 /* MovieList */ = {
			isa = PBXGroup;
			children = (
				246B505125B8A86400EC93F9 /* MovieList.storyboard */,
				246E0B7425BA080E00DFFF95 /* MovieListPresenter.swift */,
				246E0B7525BA080E00DFFF95 /* MovieListWorker.swift */,
				246E0B7625BA080E00DFFF95 /* MovieListRouter.swift */,
				246E0B7725BA080E00DFFF95 /* MovieListModels.swift */,
				246E0B7825BA080E00DFFF95 /* MovieListViewController.swift */,
				246E0B7925BA080E00DFFF95 /* MovieListInteractor.swift */,
			);
			path = MovieList;
			sourceTree = "<group>";
		};
		246E0B8325BA1C9B00DFFF95 /* MovieDetail */ = {
			isa = PBXGroup;
			children = (
				246E0B8425BA1CEC00DFFF95 /* MovieDetailPresenter.swift */,
				246E0B8525BA1CEC00DFFF95 /* MovieDetailWorker.swift */,
				246E0B8625BA1CEC00DFFF95 /* MovieDetailRouter.swift */,
				246E0B8725BA1CEC00DFFF95 /* MovieDetailModels.swift */,
				246E0B8825BA1CEC00DFFF95 /* MovieDetailViewController.swift */,
				246E0B8925BA1CEC00DFFF95 /* MovieDetailInteractor.swift */,
				246E0B9225BA1F3500DFFF95 /* MovieDetail.storyboard */,
			);
			path = MovieDetail;
			sourceTree = "<group>";
		};
/* End PBXGroup section */

/* Begin PBXNativeTarget section */
		246B504725B8A86400EC93F9 /* Tmdb */ = {
			isa = PBXNativeTarget;
			buildConfigurationList = 246B505F25B8A86500EC93F9 /* Build configuration list for PBXNativeTarget "Tmdb" */;
			buildPhases = (
				246B504425B8A86400EC93F9 /* Sources */,
				246B504525B8A86400EC93F9 /* Frameworks */,
				246B504625B8A86400EC93F9 /* Resources */,
			);
			buildRules = (
			);
			dependencies = (
			);
			name = Tmdb;
			productName = Tmdb;
			productReference = 246B504825B8A86400EC93F9 /* Tmdb.app */;
			productType = "com.apple.product-type.application";
		};
/* End PBXNativeTarget section */

/* Begin PBXProject section */
		246B504025B8A86400EC93F9 /* Project object */ = {
			isa = PBXProject;
			attributes = {
				LastSwiftUpdateCheck = 1230;
				LastUpgradeCheck = 1230;
				TargetAttributes = {
					246B504725B8A86400EC93F9 = {
						CreatedOnToolsVersion = 12.3;
					};
				};
			};
			buildConfigurationList = 246B504325B8A86400EC93F9 /* Build configuration list for PBXProject "Tmdb" */;
			compatibilityVersion = "Xcode 9.3";
			developmentRegion = en;
			hasScannedForEncodings = 0;
			knownRegions = (
				en,
				Base,
			);
			mainGroup = 246B503F25B8A86400EC93F9;
			productRefGroup = 246B504925B8A86400EC93F9 /* Products */;
			projectDirPath = "";
			projectRoot = "";
			targets = (
				246B504725B8A86400EC93F9 /* Tmdb */,
			);
		};
/* End PBXProject section */

/* Begin PBXResourcesBuildPhase section */
		246B504625B8A86400EC93F9 /* Resources */ = {
			isa = PBXResourcesBuildPhase;
			buildActionMask = 2147483647;
			files = (
				246E0B6D25BA063200DFFF95 /* Business in Resources */,
				246B505B25B8A86500EC93F9 /* LaunchScreen.storyboard in Resources */,
				246B505825B8A86500EC93F9 /* Assets.xcassets in Resources */,
				246B505325B8A86400EC93F9 /* MovieList.storyboard in Resources */,
				246E0B9325BA1F3500DFFF95 /* MovieDetail.storyboard in Resources */,
			);
			runOnlyForDeploymentPostprocessing = 0;
		};
/* End PBXResourcesBuildPhase section */

/* Begin PBXSourcesBuildPhase section */
		246B504425B8A86400EC93F9 /* Sources */ = {
			isa = PBXSourcesBuildPhase;
			buildActionMask = 2147483647;
			files = (
				246E0B7D25BA080E00DFFF95 /* MovieListModels.swift in Sources */,
				246E0B8E25BA1CEC00DFFF95 /* MovieDetailViewController.swift in Sources */,
				246B505625B8A86400EC93F9 /* Tmdb.xcdatamodeld in Sources */,
				246B505025B8A86400EC93F9 /* ViewController.swift in Sources */,
				246E0B8F25BA1CEC00DFFF95 /* MovieDetailInteractor.swift in Sources */,
				246E0B7B25BA080E00DFFF95 /* MovieListWorker.swift in Sources */,
				246B504C25B8A86400EC93F9 /* AppDelegate.swift in Sources */,
				246E0B7C25BA080E00DFFF95 /* MovieListRouter.swift in Sources */,
				246E0B7E25BA080E00DFFF95 /* MovieListViewController.swift in Sources */,
				246E0B8D25BA1CEC00DFFF95 /* MovieDetailModels.swift in Sources */,
				246E0B8A25BA1CEC00DFFF95 /* MovieDetailPresenter.swift in Sources */,
				246E0B7F25BA080E00DFFF95 /* MovieListInteractor.swift in Sources */,
				246B504E25B8A86400EC93F9 /* SceneDelegate.swift in Sources */,
				246E0B8C25BA1CEC00DFFF95 /* MovieDetailRouter.swift in Sources */,
				246E0B7A25BA080E00DFFF95 /* MovieListPresenter.swift in Sources */,
				246E0B8B25BA1CEC00DFFF95 /* MovieDetailWorker.swift in Sources */,
			);
			runOnlyForDeploymentPostprocessing = 0;
		};
/* End PBXSourcesBuildPhase section */

/* Begin PBXVariantGroup section */
		246B505125B8A86400EC93F9 /* MovieList.storyboard */ = {
			isa = PBXVariantGroup;
			children = (
				246B505225B8A86400EC93F9 /* Base */,
			);
			name = MovieList.storyboard;
			sourceTree = "<group>";
		};
		246B505925B8A86500EC93F9 /* LaunchScreen.storyboard */ = {
			isa = PBXVariantGroup;
			children = (
				246B505A25B8A86500EC93F9 /* Base */,
			);
			name = LaunchScreen.storyboard;
			sourceTree = "<group>";
		};
/* End PBXVariantGroup section */

/* Begin XCBuildConfiguration section */
		246B505D25B8A86500EC93F9 /* Debug */ = {
			isa = XCBuildConfiguration;
			buildSettings = {
				ALWAYS_SEARCH_USER_PATHS = NO;
				CLANG_ANALYZER_NONNULL = YES;
				CLANG_ANALYZER_NUMBER_OBJECT_CONVERSION = YES_AGGRESSIVE;
				CLANG_CXX_LANGUAGE_STANDARD = "gnu++14";
				CLANG_CXX_LIBRARY = "libc++";
				CLANG_ENABLE_MODULES = YES;
				CLANG_ENABLE_OBJC_ARC = YES;
				CLANG_ENABLE_OBJC_WEAK = YES;
				CLANG_WARN_BLOCK_CAPTURE_AUTORELEASING = YES;
				CLANG_WARN_BOOL_CONVERSION = YES;
				CLANG_WARN_COMMA = YES;
				CLANG_WARN_CONSTANT_CONVERSION = YES;
				CLANG_WARN_DEPRECATED_OBJC_IMPLEMENTATIONS = YES;
				CLANG_WARN_DIRECT_OBJC_ISA_USAGE = YES_ERROR;
				CLANG_WARN_DOCUMENTATION_COMMENTS = YES;
				CLANG_WARN_EMPTY_BODY = YES;
				CLANG_WARN_ENUM_CONVERSION = YES;
				CLANG_WARN_INFINITE_RECURSION = YES;
				CLANG_WARN_INT_CONVERSION = YES;
				CLANG_WARN_NON_LITERAL_NULL_CONVERSION = YES;
				CLANG_WARN_OBJC_IMPLICIT_RETAIN_SELF = YES;
				CLANG_WARN_OBJC_LITERAL_CONVERSION = YES;
				CLANG_WARN_OBJC_ROOT_CLASS = YES_ERROR;
				CLANG_WARN_QUOTED_INCLUDE_IN_FRAMEWORK_HEADER = YES;
				CLANG_WARN_RANGE_LOOP_ANALYSIS = YES;
				CLANG_WARN_STRICT_PROTOTYPES = YES;
				CLANG_WARN_SUSPICIOUS_MOVE = YES;
				CLANG_WARN_UNGUARDED_AVAILABILITY = YES_AGGRESSIVE;
				CLANG_WARN_UNREACHABLE_CODE = YES;
				CLANG_WARN__DUPLICATE_METHOD_MATCH = YES;
				COPY_PHASE_STRIP = NO;
				DEBUG_INFORMATION_FORMAT = dwarf;
				ENABLE_STRICT_OBJC_MSGSEND = YES;
				ENABLE_TESTABILITY = YES;
				GCC_C_LANGUAGE_STANDARD = gnu11;
				GCC_DYNAMIC_NO_PIC = NO;
				GCC_NO_COMMON_BLOCKS = YES;
				GCC_OPTIMIZATION_LEVEL = 0;
				GCC_PREPROCESSOR_DEFINITIONS = (
					"DEBUG=1",
					"$(inherited)",
				);
				GCC_WARN_64_TO_32_BIT_CONVERSION = YES;
				GCC_WARN_ABOUT_RETURN_TYPE = YES_ERROR;
				GCC_WARN_UNDECLARED_SELECTOR = YES;
				GCC_WARN_UNINITIALIZED_AUTOS = YES_AGGRESSIVE;
				GCC_WARN_UNUSED_FUNCTION = YES;
				GCC_WARN_UNUSED_VARIABLE = YES;
				IPHONEOS_DEPLOYMENT_TARGET = 14.3;
				MTL_ENABLE_DEBUG_INFO = INCLUDE_SOURCE;
				MTL_FAST_MATH = YES;
				ONLY_ACTIVE_ARCH = YES;
				SDKROOT = iphoneos;
				SWIFT_ACTIVE_COMPILATION_CONDITIONS = DEBUG;
				SWIFT_OPTIMIZATION_LEVEL = "-Onone";
			};
			name = Debug;
		};
		246B505E25B8A86500EC93F9 /* Release */ = {
			isa = XCBuildConfiguration;
			buildSettings = {
				ALWAYS_SEARCH_USER_PATHS = NO;
				CLANG_ANALYZER_NONNULL = YES;
				CLANG_ANALYZER_NUMBER_OBJECT_CONVERSION = YES_AGGRESSIVE;
				CLANG_CXX_LANGUAGE_STANDARD = "gnu++14";
				CLANG_CXX_LIBRARY = "libc++";
				CLANG_ENABLE_MODULES = YES;
				CLANG_ENABLE_OBJC_ARC = YES;
				CLANG_ENABLE_OBJC_WEAK = YES;
				CLANG_WARN_BLOCK_CAPTURE_AUTORELEASING = YES;
				CLANG_WARN_BOOL_CONVERSION = YES;
				CLANG_WARN_COMMA = YES;
				CLANG_WARN_CONSTANT_CONVERSION = YES;
				CLANG_WARN_DEPRECATED_OBJC_IMPLEMENTATIONS = YES;
				CLANG_WARN_DIRECT_OBJC_ISA_USAGE = YES_ERROR;
				CLANG_WARN_DOCUMENTATION_COMMENTS = YES;
				CLANG_WARN_EMPTY_BODY = YES;
				CLANG_WARN_ENUM_CONVERSION = YES;
				CLANG_WARN_INFINITE_RECURSION = YES;
				CLANG_WARN_INT_CONVERSION = YES;
				CLANG_WARN_NON_LITERAL_NULL_CONVERSION = YES;
				CLANG_WARN_OBJC_IMPLICIT_RETAIN_SELF = YES;
				CLANG_WARN_OBJC_LITERAL_CONVERSION = YES;
				CLANG_WARN_OBJC_ROOT_CLASS = YES_ERROR;
				CLANG_WARN_QUOTED_INCLUDE_IN_FRAMEWORK_HEADER = YES;
				CLANG_WARN_RANGE_LOOP_ANALYSIS = YES;
				CLANG_WARN_STRICT_PROTOTYPES = YES;
				CLANG_WARN_SUSPICIOUS_MOVE = YES;
				CLANG_WARN_UNGUARDED_AVAILABILITY = YES_AGGRESSIVE;
				CLANG_WARN_UNREACHABLE_CODE = YES;
				CLANG_WARN__DUPLICATE_METHOD_MATCH = YES;
				COPY_PHASE_STRIP = NO;
				DEBUG_INFORMATION_FORMAT = "dwarf-with-dsym";
				ENABLE_NS_ASSERTIONS = NO;
				ENABLE_STRICT_OBJC_MSGSEND = YES;
				GCC_C_LANGUAGE_STANDARD = gnu11;
				GCC_NO_COMMON_BLOCKS = YES;
				GCC_WARN_64_TO_32_BIT_CONVERSION = YES;
				GCC_WARN_ABOUT_RETURN_TYPE = YES_ERROR;
				GCC_WARN_UNDECLARED_SELECTOR = YES;
				GCC_WARN_UNINITIALIZED_AUTOS = YES_AGGRESSIVE;
				GCC_WARN_UNUSED_FUNCTION = YES;
				GCC_WARN_UNUSED_VARIABLE = YES;
				IPHONEOS_DEPLOYMENT_TARGET = 14.3;
				MTL_ENABLE_DEBUG_INFO = NO;
				MTL_FAST_MATH = YES;
				SDKROOT = iphoneos;
				SWIFT_COMPILATION_MODE = wholemodule;
				SWIFT_OPTIMIZATION_LEVEL = "-O";
				VALIDATE_PRODUCT = YES;
			};
			name = Release;
		};
		246B506025B8A86500EC93F9 /* Debug */ = {
			isa = XCBuildConfiguration;
			buildSettings = {
				ASSETCATALOG_COMPILER_APPICON_NAME = AppIcon;
				ASSETCATALOG_COMPILER_GLOBAL_ACCENT_COLOR_NAME = AccentColor;
				CODE_SIGN_STYLE = Automatic;
				INFOPLIST_FILE = Tmdb/Info.plist;
				LD_RUNPATH_SEARCH_PATHS = (
					"$(inherited)",
					"@executable_path/Frameworks",
				);
				PRODUCT_BUNDLE_IDENTIFIER = yesim.dasdemir.Tmdb;
				PRODUCT_NAME = "$(TARGET_NAME)";
				SWIFT_VERSION = 5.0;
				TARGETED_DEVICE_FAMILY = "1,2";
			};
			name = Debug;
		};
		246B506125B8A86500EC93F9 /* Release */ = {
			isa = XCBuildConfiguration;
			buildSettings = {
				ASSETCATALOG_COMPILER_APPICON_NAME = AppIcon;
				ASSETCATALOG_COMPILER_GLOBAL_ACCENT_COLOR_NAME = AccentColor;
				CODE_SIGN_STYLE = Automatic;
				INFOPLIST_FILE = Tmdb/Info.plist;
				LD_RUNPATH_SEARCH_PATHS = (
					"$(inherited)",
					"@executable_path/Frameworks",
				);
				PRODUCT_BUNDLE_IDENTIFIER = yesim.dasdemir.Tmdb;
				PRODUCT_NAME = "$(TARGET_NAME)";
				SWIFT_VERSION = 5.0;
				TARGETED_DEVICE_FAMILY = "1,2";
			};
			name = Release;
		};
/* End XCBuildConfiguration section */

/* Begin XCConfigurationList section */
		246B504325B8A86400EC93F9 /* Build configuration list for PBXProject "Tmdb" */ = {
			isa = XCConfigurationList;
			buildConfigurations = (
				246B505D25B8A86500EC93F9 /* Debug */,
				246B505E25B8A86500EC93F9 /* Release */,
			);
			defaultConfigurationIsVisible = 0;
			defaultConfigurationName = Release;
		};
		246B505F25B8A86500EC93F9 /* Build configuration list for PBXNativeTarget "Tmdb" */ = {
			isa = XCConfigurationList;
			buildConfigurations = (
				246B506025B8A86500EC93F9 /* Debug */,
				246B506125B8A86500EC93F9 /* Release */,
			);
			defaultConfigurationIsVisible = 0;
			defaultConfigurationName = Release;
		};
/* End XCConfigurationList section */

/* Begin XCVersionGroup section */
		246B505425B8A86400EC93F9 /* Tmdb.xcdatamodeld */ = {
			isa = XCVersionGroup;
			children = (
				246B505525B8A86400EC93F9 /* Tmdb.xcdatamodel */,
			);
			currentVersion = 246B505525B8A86400EC93F9 /* Tmdb.xcdatamodel */;
			path = Tmdb.xcdatamodeld;
			sourceTree = "<group>";
			versionGroupType = wrapper.xcdatamodel;
		};
/* End XCVersionGroup section */
	};
	rootObject = 246B504025B8A86400EC93F9 /* Project object */;
}
