// !$*UTF8*$!
{
	archiveVersion = 1;
	classes = {
	};
	objectVersion = 50;
	objects = {

/* Begin PBXBuildFile section */
		2453E28825BE367300EAA557 /* TmdbTests.swift in Sources */ = {isa = PBXBuildFile; fileRef = 2453E28725BE367300EAA557 /* TmdbTests.swift */; };
		2453E29625BE371900EAA557 /* MovieListViewControllerTests.swift in Sources */ = {isa = PBXBuildFile; fileRef = 2453E26425BE28B700EAA557 /* MovieListViewControllerTests.swift */; };
		246B504C25B8A86400EC93F9 /* AppDelegate.swift in Sources */ = {isa = PBXBuildFile; fileRef = 246B504B25B8A86400EC93F9 /* AppDelegate.swift */; };
		246B504E25B8A86400EC93F9 /* SceneDelegate.swift in Sources */ = {isa = PBXBuildFile; fileRef = 246B504D25B8A86400EC93F9 /* SceneDelegate.swift */; };
		246B505025B8A86400EC93F9 /* ViewController.swift in Sources */ = {isa = PBXBuildFile; fileRef = 246B504F25B8A86400EC93F9 /* ViewController.swift */; };
		246B505325B8A86400EC93F9 /* MovieList.storyboard in Resources */ = {isa = PBXBuildFile; fileRef = 246B505125B8A86400EC93F9 /* MovieList.storyboard */; };
		246B505825B8A86500EC93F9 /* Assets.xcassets in Resources */ = {isa = PBXBuildFile; fileRef = 246B505725B8A86500EC93F9 /* Assets.xcassets */; };
		246B505B25B8A86500EC93F9 /* LaunchScreen.storyboard in Resources */ = {isa = PBXBuildFile; fileRef = 246B505925B8A86500EC93F9 /* LaunchScreen.storyboard */; };
		246C755C25BB486100F5353F /* CustomCollectionViewCell.xib in Resources */ = {isa = PBXBuildFile; fileRef = 246C755A25BB486100F5353F /* CustomCollectionViewCell.xib */; };
		246C755D25BB486100F5353F /* CustomCollectionViewCell.swift in Sources */ = {isa = PBXBuildFile; fileRef = 246C755B25BB486100F5353F /* CustomCollectionViewCell.swift */; };
		246E0B7A25BA080E00DFFF95 /* MovieListPresenter.swift in Sources */ = {isa = PBXBuildFile; fileRef = 246E0B7425BA080E00DFFF95 /* MovieListPresenter.swift */; };
		246E0B7B25BA080E00DFFF95 /* MovieListWorker.swift in Sources */ = {isa = PBXBuildFile; fileRef = 246E0B7525BA080E00DFFF95 /* MovieListWorker.swift */; };
		246E0B7C25BA080E00DFFF95 /* MovieListRouter.swift in Sources */ = {isa = PBXBuildFile; fileRef = 246E0B7625BA080E00DFFF95 /* MovieListRouter.swift */; };
		246E0B7D25BA080E00DFFF95 /* MovieListModels.swift in Sources */ = {isa = PBXBuildFile; fileRef = 246E0B7725BA080E00DFFF95 /* MovieListModels.swift */; };
		246E0B7E25BA080E00DFFF95 /* MovieListViewController.swift in Sources */ = {isa = PBXBuildFile; fileRef = 246E0B7825BA080E00DFFF95 /* MovieListViewController.swift */; };
		246E0B7F25BA080E00DFFF95 /* MovieListInteractor.swift in Sources */ = {isa = PBXBuildFile; fileRef = 246E0B7925BA080E00DFFF95 /* MovieListInteractor.swift */; };
		246E0B8A25BA1CEC00DFFF95 /* MovieDetailPresenter.swift in Sources */ = {isa = PBXBuildFile; fileRef = 246E0B8425BA1CEC00DFFF95 /* MovieDetailPresenter.swift */; };
		246E0B8B25BA1CEC00DFFF95 /* MovieDetailWorker.swift in Sources */ = {isa = PBXBuildFile; fileRef = 246E0B8525BA1CEC00DFFF95 /* MovieDetailWorker.swift */; };
		246E0B8C25BA1CEC00DFFF95 /* MovieDetailRouter.swift in Sources */ = {isa = PBXBuildFile; fileRef = 246E0B8625BA1CEC00DFFF95 /* MovieDetailRouter.swift */; };
		246E0B8D25BA1CEC00DFFF95 /* MovieDetailModels.swift in Sources */ = {isa = PBXBuildFile; fileRef = 246E0B8725BA1CEC00DFFF95 /* MovieDetailModels.swift */; };
		246E0B8E25BA1CEC00DFFF95 /* MovieDetailViewController.swift in Sources */ = {isa = PBXBuildFile; fileRef = 246E0B8825BA1CEC00DFFF95 /* MovieDetailViewController.swift */; };
		246E0B8F25BA1CEC00DFFF95 /* MovieDetailInteractor.swift in Sources */ = {isa = PBXBuildFile; fileRef = 246E0B8925BA1CEC00DFFF95 /* MovieDetailInteractor.swift */; };
		246E0B9325BA1F3500DFFF95 /* MovieDetail.storyboard in Resources */ = {isa = PBXBuildFile; fileRef = 246E0B9225BA1F3500DFFF95 /* MovieDetail.storyboard */; };
		24E0BD5D25BB4952001CD898 /* SingleItemView.swift in Sources */ = {isa = PBXBuildFile; fileRef = 24E0BD5C25BB4952001CD898 /* SingleItemView.swift */; };
		24E0BD6025BB4962001CD898 /* SingleItemView.xib in Resources */ = {isa = PBXBuildFile; fileRef = 24E0BD5F25BB4962001CD898 /* SingleItemView.xib */; };
		24E0BD6425BB538B001CD898 /* SingleItemViewModel.swift in Sources */ = {isa = PBXBuildFile; fileRef = 24E0BD6325BB538B001CD898 /* SingleItemViewModel.swift */; };
		24E0BDA425BCC611001CD898 /* SimpleDetailViewCell.swift in Sources */ = {isa = PBXBuildFile; fileRef = 24E0BDA225BCC611001CD898 /* SimpleDetailViewCell.swift */; };
		24E0BDA525BCC611001CD898 /* SimpleDetailViewCell.xib in Resources */ = {isa = PBXBuildFile; fileRef = 24E0BDA325BCC611001CD898 /* SimpleDetailViewCell.xib */; };
		24E0BDA925BCC63A001CD898 /* SimpleDetailView.swift in Sources */ = {isa = PBXBuildFile; fileRef = 24E0BDA825BCC63A001CD898 /* SimpleDetailView.swift */; };
		24E0BDAF25BCC660001CD898 /* SimpleDetailViewModel.swift in Sources */ = {isa = PBXBuildFile; fileRef = 24E0BDAE25BCC660001CD898 /* SimpleDetailViewModel.swift */; };
		24E0BDB325BCC6CC001CD898 /* SimpleDetailView.xib in Resources */ = {isa = PBXBuildFile; fileRef = 24E0BDB225BCC6CC001CD898 /* SimpleDetailView.xib */; };
/* End PBXBuildFile section */

/* Begin PBXContainerItemProxy section */
		2453E28A25BE367300EAA557 /* PBXContainerItemProxy */ = {
			isa = PBXContainerItemProxy;
			containerPortal = 246B504025B8A86400EC93F9 /* Project object */;
			proxyType = 1;
			remoteGlobalIDString = 246B504725B8A86400EC93F9;
			remoteInfo = Tmdb;
		};
/* End PBXContainerItemProxy section */

/* Begin PBXFileReference section */
		2453E26425BE28B700EAA557 /* MovieListViewControllerTests.swift */ = {isa = PBXFileReference; lastKnownFileType = sourcecode.swift; path = MovieListViewControllerTests.swift; sourceTree = "<group>"; };
		2453E28525BE367300EAA557 /* TmdbTests.xctest */ = {isa = PBXFileReference; explicitFileType = wrapper.cfbundle; includeInIndex = 0; path = TmdbTests.xctest; sourceTree = BUILT_PRODUCTS_DIR; };
		2453E28725BE367300EAA557 /* TmdbTests.swift */ = {isa = PBXFileReference; lastKnownFileType = sourcecode.swift; path = TmdbTests.swift; sourceTree = "<group>"; };
		2453E28925BE367300EAA557 /* Info.plist */ = {isa = PBXFileReference; lastKnownFileType = text.plist.xml; path = Info.plist; sourceTree = "<group>"; };
		246B504825B8A86400EC93F9 /* Tmdb.app */ = {isa = PBXFileReference; explicitFileType = wrapper.application; includeInIndex = 0; path = Tmdb.app; sourceTree = BUILT_PRODUCTS_DIR; };
		246B504B25B8A86400EC93F9 /* AppDelegate.swift */ = {isa = PBXFileReference; lastKnownFileType = sourcecode.swift; path = AppDelegate.swift; sourceTree = "<group>"; };
		246B504D25B8A86400EC93F9 /* SceneDelegate.swift */ = {isa = PBXFileReference; lastKnownFileType = sourcecode.swift; path = SceneDelegate.swift; sourceTree = "<group>"; };
		246B504F25B8A86400EC93F9 /* ViewController.swift */ = {isa = PBXFileReference; lastKnownFileType = sourcecode.swift; path = ViewController.swift; sourceTree = "<group>"; };
		246B505225B8A86400EC93F9 /* Base */ = {isa = PBXFileReference; lastKnownFileType = file.storyboard; name = Base; path = Base.lproj/MovieList.storyboard; sourceTree = "<group>"; };
		246B505725B8A86500EC93F9 /* Assets.xcassets */ = {isa = PBXFileReference; lastKnownFileType = folder.assetcatalog; path = Assets.xcassets; sourceTree = "<group>"; };
		246B505A25B8A86500EC93F9 /* Base */ = {isa = PBXFileReference; lastKnownFileType = file.storyboard; name = Base; path = Base.lproj/LaunchScreen.storyboard; sourceTree = "<group>"; };
		246B505C25B8A86500EC93F9 /* Info.plist */ = {isa = PBXFileReference; lastKnownFileType = text.plist.xml; path = Info.plist; sourceTree = "<group>"; };
		246C755A25BB486100F5353F /* CustomCollectionViewCell.xib */ = {isa = PBXFileReference; fileEncoding = 4; lastKnownFileType = file.xib; path = CustomCollectionViewCell.xib; sourceTree = "<group>"; };
		246C755B25BB486100F5353F /* CustomCollectionViewCell.swift */ = {isa = PBXFileReference; fileEncoding = 4; lastKnownFileType = sourcecode.swift; path = CustomCollectionViewCell.swift; sourceTree = "<group>"; };
		246E0B7425BA080E00DFFF95 /* MovieListPresenter.swift */ = {isa = PBXFileReference; lastKnownFileType = sourcecode.swift; path = MovieListPresenter.swift; sourceTree = "<group>"; };
		246E0B7525BA080E00DFFF95 /* MovieListWorker.swift */ = {isa = PBXFileReference; lastKnownFileType = sourcecode.swift; path = MovieListWorker.swift; sourceTree = "<group>"; };
		246E0B7625BA080E00DFFF95 /* MovieListRouter.swift */ = {isa = PBXFileReference; lastKnownFileType = sourcecode.swift; path = MovieListRouter.swift; sourceTree = "<group>"; };
		246E0B7725BA080E00DFFF95 /* MovieListModels.swift */ = {isa = PBXFileReference; lastKnownFileType = sourcecode.swift; path = MovieListModels.swift; sourceTree = "<group>"; };
		246E0B7825BA080E00DFFF95 /* MovieListViewController.swift */ = {isa = PBXFileReference; lastKnownFileType = sourcecode.swift; path = MovieListViewController.swift; sourceTree = "<group>"; };
		246E0B7925BA080E00DFFF95 /* MovieListInteractor.swift */ = {isa = PBXFileReference; lastKnownFileType = sourcecode.swift; path = MovieListInteractor.swift; sourceTree = "<group>"; };
		246E0B8425BA1CEC00DFFF95 /* MovieDetailPresenter.swift */ = {isa = PBXFileReference; lastKnownFileType = sourcecode.swift; path = MovieDetailPresenter.swift; sourceTree = "<group>"; };
		246E0B8525BA1CEC00DFFF95 /* MovieDetailWorker.swift */ = {isa = PBXFileReference; lastKnownFileType = sourcecode.swift; path = MovieDetailWorker.swift; sourceTree = "<group>"; };
		246E0B8625BA1CEC00DFFF95 /* MovieDetailRouter.swift */ = {isa = PBXFileReference; lastKnownFileType = sourcecode.swift; path = MovieDetailRouter.swift; sourceTree = "<group>"; };
		246E0B8725BA1CEC00DFFF95 /* MovieDetailModels.swift */ = {isa = PBXFileReference; lastKnownFileType = sourcecode.swift; path = MovieDetailModels.swift; sourceTree = "<group>"; };
		246E0B8825BA1CEC00DFFF95 /* MovieDetailViewController.swift */ = {isa = PBXFileReference; lastKnownFileType = sourcecode.swift; path = MovieDetailViewController.swift; sourceTree = "<group>"; };
		246E0B8925BA1CEC00DFFF95 /* MovieDetailInteractor.swift */ = {isa = PBXFileReference; lastKnownFileType = sourcecode.swift; path = MovieDetailInteractor.swift; sourceTree = "<group>"; };
		246E0B9225BA1F3500DFFF95 /* MovieDetail.storyboard */ = {isa = PBXFileReference; lastKnownFileType = file.storyboard; path = MovieDetail.storyboard; sourceTree = "<group>"; };
		24E0BD5C25BB4952001CD898 /* SingleItemView.swift */ = {isa = PBXFileReference; lastKnownFileType = sourcecode.swift; path = SingleItemView.swift; sourceTree = "<group>"; };
		24E0BD5F25BB4962001CD898 /* SingleItemView.xib */ = {isa = PBXFileReference; lastKnownFileType = file.xib; path = SingleItemView.xib; sourceTree = "<group>"; };
		24E0BD6325BB538B001CD898 /* SingleItemViewModel.swift */ = {isa = PBXFileReference; lastKnownFileType = sourcecode.swift; path = SingleItemViewModel.swift; sourceTree = "<group>"; };
		24E0BDA225BCC611001CD898 /* SimpleDetailViewCell.swift */ = {isa = PBXFileReference; lastKnownFileType = sourcecode.swift; path = SimpleDetailViewCell.swift; sourceTree = "<group>"; };
		24E0BDA325BCC611001CD898 /* SimpleDetailViewCell.xib */ = {isa = PBXFileReference; lastKnownFileType = file.xib; path = SimpleDetailViewCell.xib; sourceTree = "<group>"; };
		24E0BDA825BCC63A001CD898 /* SimpleDetailView.swift */ = {isa = PBXFileReference; lastKnownFileType = sourcecode.swift; path = SimpleDetailView.swift; sourceTree = "<group>"; };
		24E0BDAE25BCC660001CD898 /* SimpleDetailViewModel.swift */ = {isa = PBXFileReference; lastKnownFileType = sourcecode.swift; path = SimpleDetailViewModel.swift; sourceTree = "<group>"; };
		24E0BDB225BCC6CC001CD898 /* SimpleDetailView.xib */ = {isa = PBXFileReference; lastKnownFileType = file.xib; path = SimpleDetailView.xib; sourceTree = "<group>"; };
/* End PBXFileReference section */

/* Begin PBXFrameworksBuildPhase section */
		2453E28225BE367300EAA557 /* Frameworks */ = {
			isa = PBXFrameworksBuildPhase;
			buildActionMask = 2147483647;
			files = (
			);
			runOnlyForDeploymentPostprocessing = 0;
		};
		246B504525B8A86400EC93F9 /* Frameworks */ = {
			isa = PBXFrameworksBuildPhase;
			buildActionMask = 2147483647;
			files = (
			);
			runOnlyForDeploymentPostprocessing = 0;
		};
/* End PBXFrameworksBuildPhase section */

/* Begin PBXGroup section */
		2453E26325BE287900EAA557 /* UnitTests */ = {
			isa = PBXGroup;
			children = (
				2453E29E25BE3A5D00EAA557 /* MovieListTests */,
			);
			path = UnitTests;
			sourceTree = "<group>";
		};
		2453E28625BE367300EAA557 /* TmdbTests */ = {
			isa = PBXGroup;
			children = (
				2453E28725BE367300EAA557 /* TmdbTests.swift */,
				2453E28925BE367300EAA557 /* Info.plist */,
			);
			path = TmdbTests;
			sourceTree = "<group>";
		};
		2453E29E25BE3A5D00EAA557 /* MovieListTests */ = {
			isa = PBXGroup;
			children = (
				2453E26425BE28B700EAA557 /* MovieListViewControllerTests.swift */,
			);
			path = MovieListTests;
			sourceTree = "<group>";
		};
		246B503F25B8A86400EC93F9 = {
			isa = PBXGroup;
			children = (
				246B504A25B8A86400EC93F9 /* Tmdb */,
				2453E28625BE367300EAA557 /* TmdbTests */,
				246B504925B8A86400EC93F9 /* Products */,
			);
			sourceTree = "<group>";
		};
		246B504925B8A86400EC93F9 /* Products */ = {
			isa = PBXGroup;
			children = (
				246B504825B8A86400EC93F9 /* Tmdb.app */,
				2453E28525BE367300EAA557 /* TmdbTests.xctest */,
			);
			name = Products;
			sourceTree = "<group>";
		};
		246B504A25B8A86400EC93F9 /* Tmdb */ = {
			isa = PBXGroup;
			children = (
				246C755225BB47FA00F5353F /* Business */,
				246E0B7325BA07D100DFFF95 /* MovieList */,
				246E0B8325BA1C9B00DFFF95 /* MovieDetail */,
				2453E26325BE287900EAA557 /* UnitTests */,
				246B504B25B8A86400EC93F9 /* AppDelegate.swift */,
				246B504D25B8A86400EC93F9 /* SceneDelegate.swift */,
				246B504F25B8A86400EC93F9 /* ViewController.swift */,
				246B505725B8A86500EC93F9 /* Assets.xcassets */,
				246B505925B8A86500EC93F9 /* LaunchScreen.storyboard */,
				246B505C25B8A86500EC93F9 /* Info.plist */,
			);
			path = Tmdb;
			sourceTree = "<group>";
		};
		246C755225BB47FA00F5353F /* Business */ = {
			isa = PBXGroup;
			children = (
				24E0BDA025BCC5E2001CD898 /* SimpleDetailView */,
				24E0BD5B25BB487D001CD898 /* SingleItemView */,
				246C755925BB484F00F5353F /* CustomCollectionViewCell */,
			);
			path = Business;
			sourceTree = "<group>";
		};
		246C755925BB484F00F5353F /* CustomCollectionViewCell */ = {
			isa = PBXGroup;
			children = (
				246C755B25BB486100F5353F /* CustomCollectionViewCell.swift */,
				246C755A25BB486100F5353F /* CustomCollectionViewCell.xib */,
			);
			path = CustomCollectionViewCell;
			sourceTree = "<group>";
		};
		246E0B7325BA07D100DFFF95 /* MovieList */ = {
			isa = PBXGroup;
			children = (
				246B505125B8A86400EC93F9 /* MovieList.storyboard */,
				246E0B7425BA080E00DFFF95 /* MovieListPresenter.swift */,
				246E0B7525BA080E00DFFF95 /* MovieListWorker.swift */,
				246E0B7625BA080E00DFFF95 /* MovieListRouter.swift */,
				246E0B7725BA080E00DFFF95 /* MovieListModels.swift */,
				246E0B7825BA080E00DFFF95 /* MovieListViewController.swift */,
				246E0B7925BA080E00DFFF95 /* MovieListInteractor.swift */,
			);
			path = MovieList;
			sourceTree = "<group>";
		};
		246E0B8325BA1C9B00DFFF95 /* MovieDetail */ = {
			isa = PBXGroup;
			children = (
				246E0B8425BA1CEC00DFFF95 /* MovieDetailPresenter.swift */,
				246E0B8525BA1CEC00DFFF95 /* MovieDetailWorker.swift */,
				246E0B8625BA1CEC00DFFF95 /* MovieDetailRouter.swift */,
				246E0B8725BA1CEC00DFFF95 /* MovieDetailModels.swift */,
				246E0B8825BA1CEC00DFFF95 /* MovieDetailViewController.swift */,
				246E0B8925BA1CEC00DFFF95 /* MovieDetailInteractor.swift */,
				246E0B9225BA1F3500DFFF95 /* MovieDetail.storyboard */,
			);
			path = MovieDetail;
			sourceTree = "<group>";
		};
		24E0BD5B25BB487D001CD898 /* SingleItemView */ = {
			isa = PBXGroup;
			children = (
				24E0BD5C25BB4952001CD898 /* SingleItemView.swift */,
				24E0BD5F25BB4962001CD898 /* SingleItemView.xib */,
				24E0BD6325BB538B001CD898 /* SingleItemViewModel.swift */,
			);
			path = SingleItemView;
			sourceTree = "<group>";
		};
		24E0BDA025BCC5E2001CD898 /* SimpleDetailView */ = {
			isa = PBXGroup;
			children = (
				24E0BDA125BCC5EE001CD898 /* Cell */,
				24E0BDA825BCC63A001CD898 /* SimpleDetailView.swift */,
				24E0BDAE25BCC660001CD898 /* SimpleDetailViewModel.swift */,
				24E0BDB225BCC6CC001CD898 /* SimpleDetailView.xib */,
			);
			path = SimpleDetailView;
			sourceTree = "<group>";
		};
		24E0BDA125BCC5EE001CD898 /* Cell */ = {
			isa = PBXGroup;
			children = (
				24E0BDA225BCC611001CD898 /* SimpleDetailViewCell.swift */,
				24E0BDA325BCC611001CD898 /* SimpleDetailViewCell.xib */,
			);
			path = Cell;
			sourceTree = "<group>";
		};
/* End PBXGroup section */

/* Begin PBXNativeTarget section */
		2453E28425BE367300EAA557 /* TmdbTests */ = {
			isa = PBXNativeTarget;
			buildConfigurationList = 2453E28C25BE367300EAA557 /* Build configuration list for PBXNativeTarget "TmdbTests" */;
			buildPhases = (
				2453E28125BE367300EAA557 /* Sources */,
				2453E28225BE367300EAA557 /* Frameworks */,
				2453E28325BE367300EAA557 /* Resources */,
			);
			buildRules = (
			);
			dependencies = (
				2453E28B25BE367300EAA557 /* PBXTargetDependency */,
			);
			name = TmdbTests;
			productName = TmdbTests;
			productReference = 2453E28525BE367300EAA557 /* TmdbTests.xctest */;
			productType = "com.apple.product-type.bundle.unit-test";
		};
		246B504725B8A86400EC93F9 /* Tmdb */ = {
			isa = PBXNativeTarget;
			buildConfigurationList = 246B505F25B8A86500EC93F9 /* Build configuration list for PBXNativeTarget "Tmdb" */;
			buildPhases = (
				246B504425B8A86400EC93F9 /* Sources */,
				246B504525B8A86400EC93F9 /* Frameworks */,
				246B504625B8A86400EC93F9 /* Resources */,
			);
			buildRules = (
			);
			dependencies = (
			);
			name = Tmdb;
			productName = Tmdb;
			productReference = 246B504825B8A86400EC93F9 /* Tmdb.app */;
			productType = "com.apple.product-type.application";
		};
/* End PBXNativeTarget section */

/* Begin PBXProject section */
		246B504025B8A86400EC93F9 /* Project object */ = {
			isa = PBXProject;
			attributes = {
				LastSwiftUpdateCheck = 1230;
				LastUpgradeCheck = 1230;
				TargetAttributes = {
					2453E28425BE367300EAA557 = {
						CreatedOnToolsVersion = 12.3;
						TestTargetID = 246B504725B8A86400EC93F9;
					};
					246B504725B8A86400EC93F9 = {
						CreatedOnToolsVersion = 12.3;
					};
				};
			};
			buildConfigurationList = 246B504325B8A86400EC93F9 /* Build configuration list for PBXProject "Tmdb" */;
			compatibilityVersion = "Xcode 9.3";
			developmentRegion = en;
			hasScannedForEncodings = 0;
			knownRegions = (
				en,
				Base,
			);
			mainGroup = 246B503F25B8A86400EC93F9;
			productRefGroup = 246B504925B8A86400EC93F9 /* Products */;
			projectDirPath = "";
			projectRoot = "";
			targets = (
				246B504725B8A86400EC93F9 /* Tmdb */,
				2453E28425BE367300EAA557 /* TmdbTests */,
			);
		};
/* End PBXProject section */

/* Begin PBXResourcesBuildPhase section */
		2453E28325BE367300EAA557 /* Resources */ = {
			isa = PBXResourcesBuildPhase;
			buildActionMask = 2147483647;
			files = (
			);
			runOnlyForDeploymentPostprocessing = 0;
		};
		246B504625B8A86400EC93F9 /* Resources */ = {
			isa = PBXResourcesBuildPhase;
			buildActionMask = 2147483647;
			files = (
				246B505B25B8A86500EC93F9 /* LaunchScreen.storyboard in Resources */,
				24E0BDA525BCC611001CD898 /* SimpleDetailViewCell.xib in Resources */,
				246B505825B8A86500EC93F9 /* Assets.xcassets in Resources */,
				24E0BD6025BB4962001CD898 /* SingleItemView.xib in Resources */,
				246B505325B8A86400EC93F9 /* MovieList.storyboard in Resources */,
				24E0BDB325BCC6CC001CD898 /* SimpleDetailView.xib in Resources */,
				246E0B9325BA1F3500DFFF95 /* MovieDetail.storyboard in Resources */,
				246C755C25BB486100F5353F /* CustomCollectionViewCell.xib in Resources */,
			);
			runOnlyForDeploymentPostprocessing = 0;
		};
/* End PBXResourcesBuildPhase section */

/* Begin PBXSourcesBuildPhase section */
		2453E28125BE367300EAA557 /* Sources */ = {
			isa = PBXSourcesBuildPhase;
			buildActionMask = 2147483647;
			files = (
				2453E28825BE367300EAA557 /* TmdbTests.swift in Sources */,
				2453E29625BE371900EAA557 /* MovieListViewControllerTests.swift in Sources */,
			);
			runOnlyForDeploymentPostprocessing = 0;
		};
		246B504425B8A86400EC93F9 /* Sources */ = {
			isa = PBXSourcesBuildPhase;
			buildActionMask = 2147483647;
			files = (
				246C755D25BB486100F5353F /* CustomCollectionViewCell.swift in Sources */,
				246E0B7D25BA080E00DFFF95 /* MovieListModels.swift in Sources */,
				246E0B8E25BA1CEC00DFFF95 /* MovieDetailViewController.swift in Sources */,
				246B505025B8A86400EC93F9 /* ViewController.swift in Sources */,
				246E0B8F25BA1CEC00DFFF95 /* MovieDetailInteractor.swift in Sources */,
				24E0BDAF25BCC660001CD898 /* SimpleDetailViewModel.swift in Sources */,
				246E0B7B25BA080E00DFFF95 /* MovieListWorker.swift in Sources */,
				246B504C25B8A86400EC93F9 /* AppDelegate.swift in Sources */,
				24E0BDA425BCC611001CD898 /* SimpleDetailViewCell.swift in Sources */,
				246E0B7C25BA080E00DFFF95 /* MovieListRouter.swift in Sources */,
				246E0B7E25BA080E00DFFF95 /* MovieListViewController.swift in Sources */,
				246E0B8D25BA1CEC00DFFF95 /* MovieDetailModels.swift in Sources */,
				24E0BD5D25BB4952001CD898 /* SingleItemView.swift in Sources */,
				24E0BDA925BCC63A001CD898 /* SimpleDetailView.swift in Sources */,
				246E0B8A25BA1CEC00DFFF95 /* MovieDetailPresenter.swift in Sources */,
				246E0B7F25BA080E00DFFF95 /* MovieListInteractor.swift in Sources */,
				246B504E25B8A86400EC93F9 /* SceneDelegate.swift in Sources */,
				246E0B8C25BA1CEC00DFFF95 /* MovieDetailRouter.swift in Sources */,
				246E0B7A25BA080E00DFFF95 /* MovieListPresenter.swift in Sources */,
				24E0BD6425BB538B001CD898 /* SingleItemViewModel.swift in Sources */,
				246E0B8B25BA1CEC00DFFF95 /* MovieDetailWorker.swift in Sources */,
			);
			runOnlyForDeploymentPostprocessing = 0;
		};
/* End PBXSourcesBuildPhase section */

/* Begin PBXTargetDependency section */
		2453E28B25BE367300EAA557 /* PBXTargetDependency */ = {
			isa = PBXTargetDependency;
			target = 246B504725B8A86400EC93F9 /* Tmdb */;
			targetProxy = 2453E28A25BE367300EAA557 /* PBXContainerItemProxy */;
		};
/* End PBXTargetDependency section */

/* Begin PBXVariantGroup section */
		246B505125B8A86400EC93F9 /* MovieList.storyboard */ = {
			isa = PBXVariantGroup;
			children = (
				246B505225B8A86400EC93F9 /* Base */,
			);
			name = MovieList.storyboard;
			sourceTree = "<group>";
		};
		246B505925B8A86500EC93F9 /* LaunchScreen.storyboard */ = {
			isa = PBXVariantGroup;
			children = (
				246B505A25B8A86500EC93F9 /* Base */,
			);
			name = LaunchScreen.storyboard;
			sourceTree = "<group>";
		};
/* End PBXVariantGroup section */

/* Begin XCBuildConfiguration section */
		2453E28D25BE367300EAA557 /* Debug */ = {
			isa = XCBuildConfiguration;
			buildSettings = {
				BUNDLE_LOADER = "$(TEST_HOST)";
				CODE_SIGN_STYLE = Automatic;
				INFOPLIST_FILE = TmdbTests/Info.plist;
				LD_RUNPATH_SEARCH_PATHS = (
					"$(inherited)",
					"@executable_path/Frameworks",
					"@loader_path/Frameworks",
				);
				PRODUCT_BUNDLE_IDENTIFIER = yesim.dasdemir.TmdbTests;
				PRODUCT_NAME = "$(TARGET_NAME)";
				SWIFT_VERSION = 5.0;
				TARGETED_DEVICE_FAMILY = "1,2";
				TEST_HOST = "$(BUILT_PRODUCTS_DIR)/Tmdb.app/Tmdb";
			};
			name = Debug;
		};
		2453E28E25BE367300EAA557 /* Release */ = {
			isa = XCBuildConfiguration;
			buildSettings = {
				BUNDLE_LOADER = "$(TEST_HOST)";
				CODE_SIGN_STYLE = Automatic;
				INFOPLIST_FILE = TmdbTests/Info.plist;
				LD_RUNPATH_SEARCH_PATHS = (
					"$(inherited)",
					"@executable_path/Frameworks",
					"@loader_path/Frameworks",
				);
				PRODUCT_BUNDLE_IDENTIFIER = yesim.dasdemir.TmdbTests;
				PRODUCT_NAME = "$(TARGET_NAME)";
				SWIFT_VERSION = 5.0;
				TARGETED_DEVICE_FAMILY = "1,2";
				TEST_HOST = "$(BUILT_PRODUCTS_DIR)/Tmdb.app/Tmdb";
			};
			name = Release;
		};
		246B505D25B8A86500EC93F9 /* Debug */ = {
			isa = XCBuildConfiguration;
			buildSettings = {
				ALWAYS_SEARCH_USER_PATHS = NO;
				CLANG_ANALYZER_NONNULL = YES;
				CLANG_ANALYZER_NUMBER_OBJECT_CONVERSION = YES_AGGRESSIVE;
				CLANG_CXX_LANGUAGE_STANDARD = "gnu++14";
				CLANG_CXX_LIBRARY = "libc++";
				CLANG_ENABLE_MODULES = YES;
				CLANG_ENABLE_OBJC_ARC = YES;
				CLANG_ENABLE_OBJC_WEAK = YES;
				CLANG_WARN_BLOCK_CAPTURE_AUTORELEASING = YES;
				CLANG_WARN_BOOL_CONVERSION = YES;
				CLANG_WARN_COMMA = YES;
				CLANG_WARN_CONSTANT_CONVERSION = YES;
				CLANG_WARN_DEPRECATED_OBJC_IMPLEMENTATIONS = YES;
				CLANG_WARN_DIRECT_OBJC_ISA_USAGE = YES_ERROR;
				CLANG_WARN_DOCUMENTATION_COMMENTS = YES;
				CLANG_WARN_EMPTY_BODY = YES;
				CLANG_WARN_ENUM_CONVERSION = YES;
				CLANG_WARN_INFINITE_RECURSION = YES;
				CLANG_WARN_INT_CONVERSION = YES;
				CLANG_WARN_NON_LITERAL_NULL_CONVERSION = YES;
				CLANG_WARN_OBJC_IMPLICIT_RETAIN_SELF = YES;
				CLANG_WARN_OBJC_LITERAL_CONVERSION = YES;
				CLANG_WARN_OBJC_ROOT_CLASS = YES_ERROR;
				CLANG_WARN_QUOTED_INCLUDE_IN_FRAMEWORK_HEADER = YES;
				CLANG_WARN_RANGE_LOOP_ANALYSIS = YES;
				CLANG_WARN_STRICT_PROTOTYPES = YES;
				CLANG_WARN_SUSPICIOUS_MOVE = YES;
				CLANG_WARN_UNGUARDED_AVAILABILITY = YES_AGGRESSIVE;
				CLANG_WARN_UNREACHABLE_CODE = YES;
				CLANG_WARN__DUPLICATE_METHOD_MATCH = YES;
				COPY_PHASE_STRIP = NO;
				DEBUG_INFORMATION_FORMAT = dwarf;
				ENABLE_STRICT_OBJC_MSGSEND = YES;
				ENABLE_TESTABILITY = YES;
				GCC_C_LANGUAGE_STANDARD = gnu11;
				GCC_DYNAMIC_NO_PIC = NO;
				GCC_NO_COMMON_BLOCKS = YES;
				GCC_OPTIMIZATION_LEVEL = 0;
				GCC_PREPROCESSOR_DEFINITIONS = (
					"DEBUG=1",
					"$(inherited)",
				);
				GCC_WARN_64_TO_32_BIT_CONVERSION = YES;
				GCC_WARN_ABOUT_RETURN_TYPE = YES_ERROR;
				GCC_WARN_UNDECLARED_SELECTOR = YES;
				GCC_WARN_UNINITIALIZED_AUTOS = YES_AGGRESSIVE;
				GCC_WARN_UNUSED_FUNCTION = YES;
				GCC_WARN_UNUSED_VARIABLE = YES;
				IPHONEOS_DEPLOYMENT_TARGET = 14.3;
				MTL_ENABLE_DEBUG_INFO = INCLUDE_SOURCE;
				MTL_FAST_MATH = YES;
				ONLY_ACTIVE_ARCH = YES;
				SDKROOT = iphoneos;
				SWIFT_ACTIVE_COMPILATION_CONDITIONS = DEBUG;
				SWIFT_OPTIMIZATION_LEVEL = "-Onone";
				SWIFT_VERSION = 4.0;
			};
			name = Debug;
		};
		246B505E25B8A86500EC93F9 /* Release */ = {
			isa = XCBuildConfiguration;
			buildSettings = {
				ALWAYS_SEARCH_USER_PATHS = NO;
				CLANG_ANALYZER_NONNULL = YES;
				CLANG_ANALYZER_NUMBER_OBJECT_CONVERSION = YES_AGGRESSIVE;
				CLANG_CXX_LANGUAGE_STANDARD = "gnu++14";
				CLANG_CXX_LIBRARY = "libc++";
				CLANG_ENABLE_MODULES = YES;
				CLANG_ENABLE_OBJC_ARC = YES;
				CLANG_ENABLE_OBJC_WEAK = YES;
				CLANG_WARN_BLOCK_CAPTURE_AUTORELEASING = YES;
				CLANG_WARN_BOOL_CONVERSION = YES;
				CLANG_WARN_COMMA = YES;
				CLANG_WARN_CONSTANT_CONVERSION = YES;
				CLANG_WARN_DEPRECATED_OBJC_IMPLEMENTATIONS = YES;
				CLANG_WARN_DIRECT_OBJC_ISA_USAGE = YES_ERROR;
				CLANG_WARN_DOCUMENTATION_COMMENTS = YES;
				CLANG_WARN_EMPTY_BODY = YES;
				CLANG_WARN_ENUM_CONVERSION = YES;
				CLANG_WARN_INFINITE_RECURSION = YES;
				CLANG_WARN_INT_CONVERSION = YES;
				CLANG_WARN_NON_LITERAL_NULL_CONVERSION = YES;
				CLANG_WARN_OBJC_IMPLICIT_RETAIN_SELF = YES;
				CLANG_WARN_OBJC_LITERAL_CONVERSION = YES;
				CLANG_WARN_OBJC_ROOT_CLASS = YES_ERROR;
				CLANG_WARN_QUOTED_INCLUDE_IN_FRAMEWORK_HEADER = YES;
				CLANG_WARN_RANGE_LOOP_ANALYSIS = YES;
				CLANG_WARN_STRICT_PROTOTYPES = YES;
				CLANG_WARN_SUSPICIOUS_MOVE = YES;
				CLANG_WARN_UNGUARDED_AVAILABILITY = YES_AGGRESSIVE;
				CLANG_WARN_UNREACHABLE_CODE = YES;
				CLANG_WARN__DUPLICATE_METHOD_MATCH = YES;
				COPY_PHASE_STRIP = NO;
				DEBUG_INFORMATION_FORMAT = "dwarf-with-dsym";
				ENABLE_NS_ASSERTIONS = NO;
				ENABLE_STRICT_OBJC_MSGSEND = YES;
				GCC_C_LANGUAGE_STANDARD = gnu11;
				GCC_NO_COMMON_BLOCKS = YES;
				GCC_WARN_64_TO_32_BIT_CONVERSION = YES;
				GCC_WARN_ABOUT_RETURN_TYPE = YES_ERROR;
				GCC_WARN_UNDECLARED_SELECTOR = YES;
				GCC_WARN_UNINITIALIZED_AUTOS = YES_AGGRESSIVE;
				GCC_WARN_UNUSED_FUNCTION = YES;
				GCC_WARN_UNUSED_VARIABLE = YES;
				IPHONEOS_DEPLOYMENT_TARGET = 14.3;
				MTL_ENABLE_DEBUG_INFO = NO;
				MTL_FAST_MATH = YES;
				SDKROOT = iphoneos;
				SWIFT_COMPILATION_MODE = wholemodule;
				SWIFT_OPTIMIZATION_LEVEL = "-O";
				SWIFT_VERSION = 4.0;
				VALIDATE_PRODUCT = YES;
			};
			name = Release;
		};
		246B506025B8A86500EC93F9 /* Debug */ = {
			isa = XCBuildConfiguration;
			buildSettings = {
				ASSETCATALOG_COMPILER_APPICON_NAME = AppIcon;
				ASSETCATALOG_COMPILER_GLOBAL_ACCENT_COLOR_NAME = AccentColor;
				CODE_SIGN_STYLE = Automatic;
				INFOPLIST_FILE = Tmdb/Info.plist;
				LD_RUNPATH_SEARCH_PATHS = (
					"$(inherited)",
					"@executable_path/Frameworks",
				);
				PRODUCT_BUNDLE_IDENTIFIER = yesim.dasdemir.Tmdb;
				PRODUCT_NAME = "$(TARGET_NAME)";
				SWIFT_VERSION = 5.0;
				TARGETED_DEVICE_FAMILY = "1,2";
			};
			name = Debug;
		};
		246B506125B8A86500EC93F9 /* Release */ = {
			isa = XCBuildConfiguration;
			buildSettings = {
				ASSETCATALOG_COMPILER_APPICON_NAME = AppIcon;
				ASSETCATALOG_COMPILER_GLOBAL_ACCENT_COLOR_NAME = AccentColor;
				CODE_SIGN_STYLE = Automatic;
				INFOPLIST_FILE = Tmdb/Info.plist;
				LD_RUNPATH_SEARCH_PATHS = (
					"$(inherited)",
					"@executable_path/Frameworks",
				);
				PRODUCT_BUNDLE_IDENTIFIER = yesim.dasdemir.Tmdb;
				PRODUCT_NAME = "$(TARGET_NAME)";
				SWIFT_VERSION = 5.0;
				TARGETED_DEVICE_FAMILY = "1,2";
			};
			name = Release;
		};
/* End XCBuildConfiguration section */

/* Begin XCConfigurationList section */
		2453E28C25BE367300EAA557 /* Build configuration list for PBXNativeTarget "TmdbTests" */ = {
			isa = XCConfigurationList;
			buildConfigurations = (
				2453E28D25BE367300EAA557 /* Debug */,
				2453E28E25BE367300EAA557 /* Release */,
			);
			defaultConfigurationIsVisible = 0;
			defaultConfigurationName = Release;
		};
		246B504325B8A86400EC93F9 /* Build configuration list for PBXProject "Tmdb" */ = {
			isa = XCConfigurationList;
			buildConfigurations = (
				246B505D25B8A86500EC93F9 /* Debug */,
				246B505E25B8A86500EC93F9 /* Release */,
			);
			defaultConfigurationIsVisible = 0;
			defaultConfigurationName = Release;
		};
		246B505F25B8A86500EC93F9 /* Build configuration list for PBXNativeTarget "Tmdb" */ = {
			isa = XCConfigurationList;
			buildConfigurations = (
				246B506025B8A86500EC93F9 /* Debug */,
				246B506125B8A86500EC93F9 /* Release */,
			);
			defaultConfigurationIsVisible = 0;
			defaultConfigurationName = Release;
		};
/* End XCConfigurationList section */
	};
	rootObject = 246B504025B8A86400EC93F9 /* Project object */;
}
